# THIS IS AN AUTOGENERATED FILE. DO NOT EDIT THIS FILE DIRECTLY.
# yarn lockfile v1


bezier-easing@^2.1.0:
  version "2.1.0"
  resolved "https://registry.yarnpkg.com/bezier-easing/-/bezier-easing-2.1.0.tgz#c04dfe8b926d6ecaca1813d69ff179b7c2025d86"
  integrity sha512-gbIqZ/eslnUFC1tjEvtz0sgx+xTK20wDnYMIA27VA04R7w6xxXQPZDbibjA9DTWZRA2CXtwHykkVzlCaAJAZig==

bindall-standalone@^1.0.5:
  version "1.0.5"
  resolved "https://registry.yarnpkg.com/bindall-standalone/-/bindall-standalone-1.0.5.tgz#f7430388f1c7f9a9ade0fc75a400e710f6692a1d"
  integrity sha512-HDI7YBWXVJk/eoGz+e4lYQQJnYp1ZHcUvAY71lVptLMhQnDm86vD73AGPw2qIlgYR3P0bjmoAcXiA8qhFejBhA==

lethargy@^1.0.2:
  version "1.0.9"
  resolved "https://registry.yarnpkg.com/lethargy/-/lethargy-1.0.9.tgz#138b0ae384d015c5233e0cc1eeba4d089af3c58b"
  integrity sha512-nFM8blpCF9rqIL5mRAaTGc78W8oQixVtsD86jbEPvcI13+lDUYJf3R7DZQQL7tCiBpbGpGKMX2gwJFO9hiaOkg==

locomotive-scroll@^4.1.4:
  version "4.1.4"
  resolved "https://registry.yarnpkg.com/locomotive-scroll/-/locomotive-scroll-4.1.4.tgz#a6d83ba3c07a9c51fc1a6d95b4be614d4dc5aad2"
  integrity sha512-6i98cFF2SKg6wIPpwVPuo2FG8qL3USsdDeew78TEYZyLoqleMWNfkSDpWA6mPym4dOfTIBXc678VmGlkgx3fTA==
  dependencies:
    bezier-easing "^2.1.0"
    smoothscroll-polyfill "^0.4.4"
    virtual-scroll "^1.5.2"

object-assign@^4.0.1:
  version "4.1.1"
  resolved "https://registry.yarnpkg.com/object-assign/-/object-assign-4.1.1.tgz#2109adc7965887cfc05cbbd442cac8bfbb360863"
  integrity sha512-rJgTQnkUnH1sFw8yT6VSU3zD3sWmu6sZhIseY8VX+GRu3P6F7Fu+JNDoXfklElbLJSnc3FUQHVe4cU5hj+BcUg==

react-locomotive-scroll@^0.2.2:
  version "0.2.2"
  resolved "https://registry.yarnpkg.com/react-locomotive-scroll/-/react-locomotive-scroll-0.2.2.tgz#50fd3982b5386cd3e4196d391cbdd327c0523079"
  integrity sha512-F+1JCUNw2sU/g+wtvbxh8Oi4FPrhPQFKY7QlK0p3D0kl2JgK0FK9fF1G43wcZccP8YBrKU81T4ZQBf/DasgVOg==
  dependencies:
    use-debounce "6.0.1"
    use-resize-observer "6.1.0"

resize-observer-polyfill@^1.5.1:
  version "1.5.1"
  resolved "https://registry.yarnpkg.com/resize-observer-polyfill/-/resize-observer-polyfill-1.5.1.tgz#0e9020dd3d21024458d4ebd27e23e40269810464"
  integrity sha512-LwZrotdHOo12nQuZlHEmtuXdqGoOD0OhaxopaNFxWzInpEgaLWoVuAMbTzixuosCx2nEG58ngzW3vxdWoxIgdg==

smoothscroll-polyfill@^0.4.4:
  version "0.4.4"
  resolved "https://registry.yarnpkg.com/smoothscroll-polyfill/-/smoothscroll-polyfill-0.4.4.tgz#3a259131dc6930e6ca80003e1cb03b603b69abf8"
  integrity sha512-TK5ZA9U5RqCwMpfoMq/l1mrH0JAR7y7KRvOBx0n2869aLxch+gT9GhN3yUfjiw+d/DiF1mKo14+hd62JyMmoBg==

tiny-emitter@^1.0.0:
  version "1.2.0"
  resolved "https://registry.yarnpkg.com/tiny-emitter/-/tiny-emitter-1.2.0.tgz#6dc845052cb08ebefc1874723b58f24a648c3b6f"
  integrity sha512-rWjF00inHeWtT5UbQYAXoMI4hL6TRMqohuKCsODyPYYmfAxqfMnXLsIeNrbdPEkNxlk++rojVilTnI9IVmEBtA==

use-debounce@6.0.1:
  version "6.0.1"
  resolved "https://registry.yarnpkg.com/use-debounce/-/use-debounce-6.0.1.tgz#ed1eb2b30189408fb9792ea2887f4c6c3cb401a3"
  integrity sha512-kpvIxpa0vOLz/2I2sfNJ72mUeaT2CMNCu5BT1f2HkV9qZK27UVSOFf1sSSu+wjJE4TcR2VTXS2SM569+m3TN7Q==

use-resize-observer@6.1.0:
  version "6.1.0"
  resolved "https://registry.yarnpkg.com/use-resize-observer/-/use-resize-observer-6.1.0.tgz#d4d267a940dbf9c326da6042f8a4bb8c89d29729"
  integrity sha512-SiPcWHiIQ1CnHmb6PxbYtygqiZXR0U9dNkkbpX9VYnlstUwF8+QqpUTrzh13pjPwcjMVGR+QIC+nvF5ujfFNng==
  dependencies:
    resize-observer-polyfill "^1.5.1"

virtual-scroll@^1.5.2:
  version "1.5.2"
  resolved "https://registry.yarnpkg.com/virtual-scroll/-/virtual-scroll-1.5.2.tgz#cdc051135ea6a1ebaaecdd4a4f39b8ed807f0f53"
  integrity sha512-7jDHwlKbHUho7CYU/HojE/VKFH8GV9P5fVWP2HCa7dRUOpVvwl93OBOKIIcb2mKd+vqsbVR/0zl0X70+3sUZqA==
  dependencies:
    bindall-standalone "^1.0.5"
    lethargy "^1.0.2"
    object-assign "^4.0.1"
    tiny-emitter "^1.0.0"
